
Microsoft Visual Studio Solution File, Format Version 12.00
# Visual Studio Version 17
VisualStudioVersion = 17.1.32210.238
MinimumVisualStudioVersion = 10.0.40219.1
Project("{9A19103F-16F7-4668-BE54-9A1E7A4F7556}") = "StockPulse", "StockPulse.csproj", "{585577AC-7613-4D17-A7C9-863D46394755}"
EndProject
Project("{2150E333-8FDC-42A3-9474-1A3956D46DE8}") = "Solution Items", "Solution Items", "{DE429226-A8E1-4461-82EB-576E9C959336}"
	ProjectSection(SolutionItems) = preProject
		.editorconfig = .editorconfig
		todo.txt = todo.txt
	EndProjectSection
EndProject
Global
	GlobalSection(SolutionConfigurationPlatforms) = preSolution
		Debug|Any CPU = Debug|Any CPU
		Release|Any CPU = Release|Any CPU
	EndGlobalSection
	GlobalSection(ProjectConfigurationPlatforms) = postSolution
		{585577AC-7613-4D17-A7C9-863D46394755}.Debug|Any CPU.ActiveCfg = Debug|Any CPU
		{585577AC-7613-4D17-A7C9-863D46394755}.Debug|Any CPU.Build.0 = Debug|Any CPU
		{585577AC-7613-4D17-A7C9-863D46394755}.Release|Any CPU.ActiveCfg = Release|Any CPU
		{585577AC-7613-4D17-A7C9-863D46394755}.Release|Any CPU.Build.0 = Release|Any CPU
	EndGlobalSection
	GlobalSection(SolutionProperties) = preSolution
		HideSolutionNode = FALSE
	EndGlobalSection
	GlobalSection(ExtensibilityGlobals) = postSolution
		SolutionGuid = {A0E53FCC-0402-49AB-AD06-464FAFAD168F}
	EndGlobalSection
EndGlobal
